
Microsoft Visual Studio Solution File, Format Version 12.00
Project("{FAE04EC0-301F-11D3-BF4B-00C04F79EFBC}") = "query-builder", "query-builder\query-builder.csproj", "{26375B3A-F3C1-44F0-8E23-DD1CABC29D71}"
EndProject
Global
	GlobalSection(SolutionConfigurationPlatforms) = preSolution
		Debug|Any CPU = Debug|Any CPU
		Release|Any CPU = Release|Any CPU
	EndGlobalSection
	GlobalSection(ProjectConfigurationPlatforms) = postSolution
		{26375B3A-F3C1-44F0-8E23-DD1CABC29D71}.Debug|Any CPU.ActiveCfg = Debug|Any CPU
		{26375B3A-F3C1-44F0-8E23-DD1CABC29D71}.Debug|Any CPU.Build.0 = Debug|Any CPU
		{26375B3A-F3C1-44F0-8E23-DD1CABC29D71}.Release|Any CPU.ActiveCfg = Release|Any CPU
		{26375B3A-F3C1-44F0-8E23-DD1CABC29D71}.Release|Any CPU.Build.0 = Release|Any CPU
	EndGlobalSection
EndGlobal
